// !$*UTF8*$!
{
	archiveVersion = 1;
	classes = {
	};
	objectVersion = 50;
	objects = {

/* Begin PBXBuildFile section */
		52B229F224A6FCEE00B37CF3 /* AppDelegate.swift in Sources */ = {isa = PBXBuildFile; fileRef = 52B229F124A6FCEE00B37CF3 /* AppDelegate.swift */; };
		52B229F424A6FCEE00B37CF3 /* SceneDelegate.swift in Sources */ = {isa = PBXBuildFile; fileRef = 52B229F324A6FCEE00B37CF3 /* SceneDelegate.swift */; };
		52B229F624A6FCEE00B37CF3 /* ContentView.swift in Sources */ = {isa = PBXBuildFile; fileRef = 52B229F524A6FCEE00B37CF3 /* ContentView.swift */; };
		52B229F824A6FCF100B37CF3 /* Assets.xcassets in Resources */ = {isa = PBXBuildFile; fileRef = 52B229F724A6FCF100B37CF3 /* Assets.xcassets */; };
		52B229FB24A6FCF100B37CF3 /* Preview Assets.xcassets in Resources */ = {isa = PBXBuildFile; fileRef = 52B229FA24A6FCF100B37CF3 /* Preview Assets.xcassets */; };
		52B229FE24A6FCF100B37CF3 /* LaunchScreen.storyboard in Resources */ = {isa = PBXBuildFile; fileRef = 52B229FC24A6FCF100B37CF3 /* LaunchScreen.storyboard */; };
		52B22A0D24A6FF1100B37CF3 /* SmartWebView.swift in Sources */ = {isa = PBXBuildFile; fileRef = 52B22A0B24A6FF1100B37CF3 /* SmartWebView.swift */; };
		52B22A0E24A6FF1100B37CF3 /* SmartWebViewModel.swift in Sources */ = {isa = PBXBuildFile; fileRef = 52B22A0C24A6FF1100B37CF3 /* SmartWebViewModel.swift */; };
		52B22A1024A6FF9100B37CF3 /* click_to_select.html in Resources */ = {isa = PBXBuildFile; fileRef = 52B22A0F24A6FF9100B37CF3 /* click_to_select.html */; };
		52B22A1524A700B300B37CF3 /* WrappedWKWebView.swift in Sources */ = {isa = PBXBuildFile; fileRef = 52B22A1424A700B300B37CF3 /* WrappedWKWebView.swift */; };
/* End PBXBuildFile section */

/* Begin PBXFileReference section */
		52B229EE24A6FCEE00B37CF3 /* WKWebViewClickToPickWord.app */ = {isa = PBXFileReference; explicitFileType = wrapper.application; includeInIndex = 0; path = WKWebViewClickToPickWord.app; sourceTree = BUILT_PRODUCTS_DIR; };
		52B229F124A6FCEE00B37CF3 /* AppDelegate.swift */ = {isa = PBXFileReference; lastKnownFileType = sourcecode.swift; path = AppDelegate.swift; sourceTree = "<group>"; };
		52B229F324A6FCEE00B37CF3 /* SceneDelegate.swift */ = {isa = PBXFileReference; lastKnownFileType = sourcecode.swift; path = SceneDelegate.swift; sourceTree = "<group>"; };
		52B229F524A6FCEE00B37CF3 /* ContentView.swift */ = {isa = PBXFileReference; lastKnownFileType = sourcecode.swift; path = ContentView.swift; sourceTree = "<group>"; };
		52B229F724A6FCF100B37CF3 /* Assets.xcassets */ = {isa = PBXFileReference; lastKnownFileType = folder.assetcatalog; path = Assets.xcassets; sourceTree = "<group>"; };
		52B229FA24A6FCF100B37CF3 /* Preview Assets.xcassets */ = {isa = PBXFileReference; lastKnownFileType = folder.assetcatalog; path = "Preview Assets.xcassets"; sourceTree = "<group>"; };
		52B229FD24A6FCF100B37CF3 /* Base */ = {isa = PBXFileReference; lastKnownFileType = file.storyboard; name = Base; path = Base.lproj/LaunchScreen.storyboard; sourceTree = "<group>"; };
		52B229FF24A6FCF100B37CF3 /* Info.plist */ = {isa = PBXFileReference; lastKnownFileType = text.plist.xml; path = Info.plist; sourceTree = "<group>"; };
		52B22A0B24A6FF1100B37CF3 /* SmartWebView.swift */ = {isa = PBXFileReference; lastKnownFileType = sourcecode.swift; path = SmartWebView.swift; sourceTree = "<group>"; };
		52B22A0C24A6FF1100B37CF3 /* SmartWebViewModel.swift */ = {isa = PBXFileReference; lastKnownFileType = sourcecode.swift; path = SmartWebViewModel.swift; sourceTree = "<group>"; };
		52B22A0F24A6FF9100B37CF3 /* click_to_select.html */ = {isa = PBXFileReference; fileEncoding = 4; lastKnownFileType = text.html; path = click_to_select.html; sourceTree = "<group>"; };
		52B22A1424A700B300B37CF3 /* WrappedWKWebView.swift */ = {isa = PBXFileReference; fileEncoding = 4; lastKnownFileType = sourcecode.swift; path = WrappedWKWebView.swift; sourceTree = "<group>"; };
/* End PBXFileReference section */

/* Begin PBXFrameworksBuildPhase section */
		52B229EB24A6FCEE00B37CF3 /* Frameworks */ = {
			isa = PBXFrameworksBuildPhase;
			buildActionMask = 2147483647;
			files = (
			);
			runOnlyForDeploymentPostprocessing = 0;
		};
/* End PBXFrameworksBuildPhase section */

/* Begin PBXGroup section */
		52B229E524A6FCEE00B37CF3 = {
			isa = PBXGroup;
			children = (
				52B229F024A6FCEE00B37CF3 /* WKWebViewClickToPickWord */,
				52B229EF24A6FCEE00B37CF3 /* Products */,
			);
			sourceTree = "<group>";
		};
		52B229EF24A6FCEE00B37CF3 /* Products */ = {
			isa = PBXGroup;
			children = (
				52B229EE24A6FCEE00B37CF3 /* WKWebViewClickToPickWord.app */,
			);
			name = Products;
			sourceTree = "<group>";
		};
		52B229F024A6FCEE00B37CF3 /* WKWebViewClickToPickWord */ = {
			isa = PBXGroup;
			children = (
				52B22A0524A6FD1400B37CF3 /* SmartWebView */,
				52B22A1324A700B300B37CF3 /* WrappedWKWebView */,
				52B229F124A6FCEE00B37CF3 /* AppDelegate.swift */,
				52B229F324A6FCEE00B37CF3 /* SceneDelegate.swift */,
				52B229F524A6FCEE00B37CF3 /* ContentView.swift */,
				52B229F724A6FCF100B37CF3 /* Assets.xcassets */,
				52B229FC24A6FCF100B37CF3 /* LaunchScreen.storyboard */,
				52B229FF24A6FCF100B37CF3 /* Info.plist */,
				52B229F924A6FCF100B37CF3 /* Preview Content */,
			);
			path = WKWebViewClickToPickWord;
			sourceTree = "<group>";
		};
		52B229F924A6FCF100B37CF3 /* Preview Content */ = {
			isa = PBXGroup;
			children = (
				52B229FA24A6FCF100B37CF3 /* Preview Assets.xcassets */,
			);
			path = "Preview Content";
			sourceTree = "<group>";
		};
		52B22A0524A6FD1400B37CF3 /* SmartWebView */ = {
			isa = PBXGroup;
			children = (
				52B22A0B24A6FF1100B37CF3 /* SmartWebView.swift */,
				52B22A0C24A6FF1100B37CF3 /* SmartWebViewModel.swift */,
				52B22A0F24A6FF9100B37CF3 /* click_to_select.html */,
			);
			path = SmartWebView;
			sourceTree = "<group>";
		};
		52B22A1324A700B300B37CF3 /* WrappedWKWebView */ = {
			isa = PBXGroup;
			children = (
				52B22A1424A700B300B37CF3 /* WrappedWKWebView.swift */,
			);
			path = WrappedWKWebView;
			sourceTree = "<group>";
		};
/* End PBXGroup section */

/* Begin PBXNativeTarget section */
		52B229ED24A6FCEE00B37CF3 /* WKWebViewClickToPickWord */ = {
			isa = PBXNativeTarget;
			buildConfigurationList = 52B22A0224A6FCF100B37CF3 /* Build configuration list for PBXNativeTarget "WKWebViewClickToPickWord" */;
			buildPhases = (
				52B229EA24A6FCEE00B37CF3 /* Sources */,
				52B229EB24A6FCEE00B37CF3 /* Frameworks */,
				52B229EC24A6FCEE00B37CF3 /* Resources */,
			);
			buildRules = (
			);
			dependencies = (
			);
			name = WKWebViewClickToPickWord;
			productName = WKWebViewClickToPickWord;
			productReference = 52B229EE24A6FCEE00B37CF3 /* WKWebViewClickToPickWord.app */;
			productType = "com.apple.product-type.application";
		};
/* End PBXNativeTarget section */

/* Begin PBXProject section */
		52B229E624A6FCEE00B37CF3 /* Project object */ = {
			isa = PBXProject;
			attributes = {
				LastSwiftUpdateCheck = 1150;
				LastUpgradeCheck = 1150;
				ORGANIZATIONNAME = Kuang;
				TargetAttributes = {
					52B229ED24A6FCEE00B37CF3 = {
						CreatedOnToolsVersion = 11.5;
					};
				};
			};
			buildConfigurationList = 52B229E924A6FCEE00B37CF3 /* Build configuration list for PBXProject "WKWebViewClickToPickWord" */;
			compatibilityVersion = "Xcode 9.3";
			developmentRegion = en;
			hasScannedForEncodings = 0;
			knownRegions = (
				en,
				Base,
			);
			mainGroup = 52B229E524A6FCEE00B37CF3;
			productRefGroup = 52B229EF24A6FCEE00B37CF3 /* Products */;
			projectDirPath = "";
			projectRoot = "";
			targets = (
				52B229ED24A6FCEE00B37CF3 /* WKWebViewClickToPickWord */,
			);
		};
/* End PBXProject section */

/* Begin PBXResourcesBuildPhase section */
		52B229EC24A6FCEE00B37CF3 /* Resources */ = {
			isa = PBXResourcesBuildPhase;
			buildActionMask = 2147483647;
			files = (
				52B229FE24A6FCF100B37CF3 /* LaunchScreen.storyboard in Resources */,
				52B229FB24A6FCF100B37CF3 /* Preview Assets.xcassets in Resources */,
				52B22A1024A6FF9100B37CF3 /* click_to_select.html in Resources */,
				52B229F824A6FCF100B37CF3 /* Assets.xcassets in Resources */,
			);
			runOnlyForDeploymentPostprocessing = 0;
		};
/* End PBXResourcesBuildPhase section */

/* Begin PBXSourcesBuildPhase section */
		52B229EA24A6FCEE00B37CF3 /* Sources */ = {
			isa = PBXSourcesBuildPhase;
			buildActionMask = 2147483647;
			files = (
				52B229F224A6FCEE00B37CF3 /* AppDelegate.swift in Sources */,
				52B22A1524A700B300B37CF3 /* WrappedWKWebView.swift in Sources */,
				52B22A0E24A6FF1100B37CF3 /* SmartWebViewModel.swift in Sources */,
				52B22A0D24A6FF1100B37CF3 /* SmartWebView.swift in Sources */,
				52B229F424A6FCEE00B37CF3 /* SceneDelegate.swift in Sources */,
				52B229F624A6FCEE00B37CF3 /* ContentView.swift in Sources */,
			);
			runOnlyForDeploymentPostprocessing = 0;
		};
/* End PBXSourcesBuildPhase section */

/* Begin PBXVariantGroup section */
		52B229FC24A6FCF100B37CF3 /* LaunchScreen.storyboard */ = {
			isa = PBXVariantGroup;
			children = (
				52B229FD24A6FCF100B37CF3 /* Base */,
			);
			name = LaunchScreen.storyboard;
			sourceTree = "<group>";
		};
/* End PBXVariantGroup section */

/* Begin XCBuildConfiguration section */
		52B22A0024A6FCF100B37CF3 /* Debug */ = {
			isa = XCBuildConfiguration;
			buildSettings = {
				ALWAYS_SEARCH_USER_PATHS = NO;
				CLANG_ANALYZER_NONNULL = YES;
				CLANG_ANALYZER_NUMBER_OBJECT_CONVERSION = YES_AGGRESSIVE;
				CLANG_CXX_LANGUAGE_STANDARD = "gnu++14";
				CLANG_CXX_LIBRARY = "libc++";
				CLANG_ENABLE_MODULES = YES;
				CLANG_ENABLE_OBJC_ARC = YES;
				CLANG_ENABLE_OBJC_WEAK = YES;
				CLANG_WARN_BLOCK_CAPTURE_AUTORELEASING = YES;
				CLANG_WARN_BOOL_CONVERSION = YES;
				CLANG_WARN_COMMA = YES;
				CLANG_WARN_CONSTANT_CONVERSION = YES;
				CLANG_WARN_DEPRECATED_OBJC_IMPLEMENTATIONS = YES;
				CLANG_WARN_DIRECT_OBJC_ISA_USAGE = YES_ERROR;
				CLANG_WARN_DOCUMENTATION_COMMENTS = YES;
				CLANG_WARN_EMPTY_BODY = YES;
				CLANG_WARN_ENUM_CONVERSION = YES;
				CLANG_WARN_INFINITE_RECURSION = YES;
				CLANG_WARN_INT_CONVERSION = YES;
				CLANG_WARN_NON_LITERAL_NULL_CONVERSION = YES;
				CLANG_WARN_OBJC_IMPLICIT_RETAIN_SELF = YES;
				CLANG_WARN_OBJC_LITERAL_CONVERSION = YES;
				CLANG_WARN_OBJC_ROOT_CLASS = YES_ERROR;
				CLANG_WARN_RANGE_LOOP_ANALYSIS = YES;
				CLANG_WARN_STRICT_PROTOTYPES = YES;
				CLANG_WARN_SUSPICIOUS_MOVE = YES;
				CLANG_WARN_UNGUARDED_AVAILABILITY = YES_AGGRESSIVE;
				CLANG_WARN_UNREACHABLE_CODE = YES;
				CLANG_WARN__DUPLICATE_METHOD_MATCH = YES;
				COPY_PHASE_STRIP = NO;
				DEBUG_INFORMATION_FORMAT = dwarf;
				ENABLE_STRICT_OBJC_MSGSEND = YES;
				ENABLE_TESTABILITY = YES;
				GCC_C_LANGUAGE_STANDARD = gnu11;
				GCC_DYNAMIC_NO_PIC = NO;
				GCC_NO_COMMON_BLOCKS = YES;
				GCC_OPTIMIZATION_LEVEL = 0;
				GCC_PREPROCESSOR_DEFINITIONS = (
					"DEBUG=1",
					"$(inherited)",
				);
				GCC_WARN_64_TO_32_BIT_CONVERSION = YES;
				GCC_WARN_ABOUT_RETURN_TYPE = YES_ERROR;
				GCC_WARN_UNDECLARED_SELECTOR = YES;
				GCC_WARN_UNINITIALIZED_AUTOS = YES_AGGRESSIVE;
				GCC_WARN_UNUSED_FUNCTION = YES;
				GCC_WARN_UNUSED_VARIABLE = YES;
				IPHONEOS_DEPLOYMENT_TARGET = 13.5;
				MTL_ENABLE_DEBUG_INFO = INCLUDE_SOURCE;
				MTL_FAST_MATH = YES;
				ONLY_ACTIVE_ARCH = YES;
				SDKROOT = iphoneos;
				SWIFT_ACTIVE_COMPILATION_CONDITIONS = DEBUG;
				SWIFT_OPTIMIZATION_LEVEL = "-Onone";
			};
			name = Debug;
		};
		52B22A0124A6FCF100B37CF3 /* Release */ = {
			isa = XCBuildConfiguration;
			buildSettings = {
				ALWAYS_SEARCH_USER_PATHS = NO;
				CLANG_ANALYZER_NONNULL = YES;
				CLANG_ANALYZER_NUMBER_OBJECT_CONVERSION = YES_AGGRESSIVE;
				CLANG_CXX_LANGUAGE_STANDARD = "gnu++14";
				CLANG_CXX_LIBRARY = "libc++";
				CLANG_ENABLE_MODULES = YES;
				CLANG_ENABLE_OBJC_ARC = YES;
				CLANG_ENABLE_OBJC_WEAK = YES;
				CLANG_WARN_BLOCK_CAPTURE_AUTORELEASING = YES;
				CLANG_WARN_BOOL_CONVERSION = YES;
				CLANG_WARN_COMMA = YES;
				CLANG_WARN_CONSTANT_CONVERSION = YES;
				CLANG_WARN_DEPRECATED_OBJC_IMPLEMENTATIONS = YES;
				CLANG_WARN_DIRECT_OBJC_ISA_USAGE = YES_ERROR;
				CLANG_WARN_DOCUMENTATION_COMMENTS = YES;
				CLANG_WARN_EMPTY_BODY = YES;
				CLANG_WARN_ENUM_CONVERSION = YES;
				CLANG_WARN_INFINITE_RECURSION = YES;
				CLANG_WARN_INT_CONVERSION = YES;
				CLANG_WARN_NON_LITERAL_NULL_CONVERSION = YES;
				CLANG_WARN_OBJC_IMPLICIT_RETAIN_SELF = YES;
				CLANG_WARN_OBJC_LITERAL_CONVERSION = YES;
				CLANG_WARN_OBJC_ROOT_CLASS = YES_ERROR;
				CLANG_WARN_RANGE_LOOP_ANALYSIS = YES;
				CLANG_WARN_STRICT_PROTOTYPES = YES;
				CLANG_WARN_SUSPICIOUS_MOVE = YES;
				CLANG_WARN_UNGUARDED_AVAILABILITY = YES_AGGRESSIVE;
				CLANG_WARN_UNREACHABLE_CODE = YES;
				CLANG_WARN__DUPLICATE_METHOD_MATCH = YES;
				COPY_PHASE_STRIP = NO;
				DEBUG_INFORMATION_FORMAT = "dwarf-with-dsym";
				ENABLE_NS_ASSERTIONS = NO;
				ENABLE_STRICT_OBJC_MSGSEND = YES;
				GCC_C_LANGUAGE_STANDARD = gnu11;
				GCC_NO_COMMON_BLOCKS = YES;
				GCC_WARN_64_TO_32_BIT_CONVERSION = YES;
				GCC_WARN_ABOUT_RETURN_TYPE = YES_ERROR;
				GCC_WARN_UNDECLARED_SELECTOR = YES;
				GCC_WARN_UNINITIALIZED_AUTOS = YES_AGGRESSIVE;
				GCC_WARN_UNUSED_FUNCTION = YES;
				GCC_WARN_UNUSED_VARIABLE = YES;
				IPHONEOS_DEPLOYMENT_TARGET = 13.5;
				MTL_ENABLE_DEBUG_INFO = NO;
				MTL_FAST_MATH = YES;
				SDKROOT = iphoneos;
				SWIFT_COMPILATION_MODE = wholemodule;
				SWIFT_OPTIMIZATION_LEVEL = "-O";
				VALIDATE_PRODUCT = YES;
			};
			name = Release;
		};
		52B22A0324A6FCF100B37CF3 /* Debug */ = {
			isa = XCBuildConfiguration;
			buildSettings = {
				ASSETCATALOG_COMPILER_APPICON_NAME = AppIcon;
				CODE_SIGN_STYLE = Automatic;
				DEVELOPMENT_ASSET_PATHS = "\"WKWebViewClickToPickWord/Preview Content\"";
				ENABLE_PREVIEWS = YES;
				INFOPLIST_FILE = WKWebViewClickToPickWord/Info.plist;
				LD_RUNPATH_SEARCH_PATHS = (
					"$(inherited)",
					"@executable_path/Frameworks",
				);
				PRODUCT_BUNDLE_IDENTIFIER = com.kuang.WKWebViewClickToPickWord;
				PRODUCT_NAME = "$(TARGET_NAME)";
				SWIFT_VERSION = 5.0;
				TARGETED_DEVICE_FAMILY = "1,2";
			};
			name = Debug;
		};
		52B22A0424A6FCF100B37CF3 /* Release */ = {
			isa = XCBuildConfiguration;
			buildSettings = {
				ASSETCATALOG_COMPILER_APPICON_NAME = AppIcon;
				CODE_SIGN_STYLE = Automatic;
				DEVELOPMENT_ASSET_PATHS = "\"WKWebViewClickToPickWord/Preview Content\"";
				ENABLE_PREVIEWS = YES;
				INFOPLIST_FILE = WKWebViewClickToPickWord/Info.plist;
				LD_RUNPATH_SEARCH_PATHS = (
					"$(inherited)",
					"@executable_path/Frameworks",
				);
				PRODUCT_BUNDLE_IDENTIFIER = com.kuang.WKWebViewClickToPickWord;
				PRODUCT_NAME = "$(TARGET_NAME)";
				SWIFT_VERSION = 5.0;
				TARGETED_DEVICE_FAMILY = "1,2";
			};
			name = Release;
		};
/* End XCBuildConfiguration section */

/* Begin XCConfigurationList section */
		52B229E924A6FCEE00B37CF3 /* Build configuration list for PBXProject "WKWebViewClickToPickWord" */ = {
			isa = XCConfigurationList;
			buildConfigurations = (
				52B22A0024A6FCF100B37CF3 /* Debug */,
				52B22A0124A6FCF100B37CF3 /* Release */,
			);
			defaultConfigurationIsVisible = 0;
			defaultConfigurationName = Release;
		};
		52B22A0224A6FCF100B37CF3 /* Build configuration list for PBXNativeTarget "WKWebViewClickToPickWord" */ = {
			isa = XCConfigurationList;
			buildConfigurations = (
				52B22A0324A6FCF100B37CF3 /* Debug */,
				52B22A0424A6FCF100B37CF3 /* Release */,
			);
			defaultConfigurationIsVisible = 0;
			defaultConfigurationName = Release;
		};
/* End XCConfigurationList section */
	};
	rootObject = 52B229E624A6FCEE00B37CF3 /* Project object */;
}
